{
  "name": "assistant-commercial-copilot-studio",
  "version": "1.0.0",
  "lockfileVersion": 3,
  "requires": true,
  "packages": {
    "": {
      "name": "assistant-commercial-copilot-studio",
      "version": "1.0.0",
      "license": "UNLICENSED",
      "engines": {
        "node": "^20.9.0 || >=22.0.0"
      }
    }
  }
}
